# This file is autogenerated, do not edit; changes may be undone by the next 'dep ensure'.


[[projects]]
  branch = "master"
  digest = "1:cbc380fce89fdbc8706e8a8c4dc05eab0249d4b78fcc0e121715a1e790613f8d"
  name = "github.com/arangodb/go-driver"
  packages = [
    ".",
    "cluster",
    "http",
    "util",
  ]
  pruneopts = "UT"
  revision = "ae69e64496965910132f7309a0f67b016babd970"

[[projects]]
  branch = "master"
  digest = "1:460b9bf67cf64d37e9e472a354cab9ac3a07708700e1e430faff31bb369c34da"
  name = "github.com/arangodb/go-velocypack"
  packages = ["."]
  pruneopts = "UT"
  revision = "f60205f092de7f0f104c663b7bd1c5c77a5c5433"

[solve-meta]
  analyzer-name = "dep"
  analyzer-version = 1
  input-imports = [
    "github.com/arangodb/go-driver",
    "github.com/arangodb/go-driver/http",
  ]
  solver-name = "gps-cdcl"
  solver-version = 1
